
Microsoft Visual Studio Solution File, Format Version 12.00
# Visual Studio Version 17
VisualStudioVersion = 17.5.002.0
MinimumVisualStudioVersion = 10.0.40219.1
Project("{9A19103F-16F7-4668-BE54-9A1E7A4F7556}") = "Ceng382_23-24_202011407", "Ceng382_23-24_202011407.csproj", "{C197C862-DF52-4F1B-8963-81B7DE984A05}"
EndProject
Global
	GlobalSection(SolutionConfigurationPlatforms) = preSolution
		Debug|Any CPU = Debug|Any CPU
		Release|Any CPU = Release|Any CPU
	EndGlobalSection
	GlobalSection(ProjectConfigurationPlatforms) = postSolution
		{C197C862-DF52-4F1B-8963-81B7DE984A05}.Debug|Any CPU.ActiveCfg = Debug|Any CPU
		{C197C862-DF52-4F1B-8963-81B7DE984A05}.Debug|Any CPU.Build.0 = Debug|Any CPU
		{C197C862-DF52-4F1B-8963-81B7DE984A05}.Release|Any CPU.ActiveCfg = Release|Any CPU
		{C197C862-DF52-4F1B-8963-81B7DE984A05}.Release|Any CPU.Build.0 = Release|Any CPU
	EndGlobalSection
	GlobalSection(SolutionProperties) = preSolution
		HideSolutionNode = FALSE
	EndGlobalSection
	GlobalSection(ExtensibilityGlobals) = postSolution
		SolutionGuid = {248EF4FA-B70F-4103-9CE6-3A9B6738D267}
	EndGlobalSection
EndGlobal
